
Microsoft Visual Studio Solution File, Format Version 11.00
# Visual Studio 2010
Project("{FAE04EC0-301F-11D3-BF4B-00C04F79EFBC}") = "Assembly-CSharp", "Assembly-CSharp.csproj", "{7ED4E348-2220-D26E-CD7A-8F714C8D9A45}"
EndProject
Project("{FAE04EC0-301F-11D3-BF4B-00C04F79EFBC}") = "Assembly-CSharp-Editor", "Assembly-CSharp-Editor.csproj", "{94BBA736-C4C1-897A-7276-E3669CFC18B9}"
EndProject
Global
	GlobalSection(SolutionConfigurationPlatforms) = preSolution
		Debug|Any CPU = Debug|Any CPU
		Release|Any CPU = Release|Any CPU
	EndGlobalSection
	GlobalSection(ProjectConfigurationPlatforms) = postSolution
		{7ED4E348-2220-D26E-CD7A-8F714C8D9A45}.Debug|Any CPU.ActiveCfg = Debug|Any CPU
		{7ED4E348-2220-D26E-CD7A-8F714C8D9A45}.Debug|Any CPU.Build.0 = Debug|Any CPU
		{7ED4E348-2220-D26E-CD7A-8F714C8D9A45}.Release|Any CPU.ActiveCfg = Release|Any CPU
		{7ED4E348-2220-D26E-CD7A-8F714C8D9A45}.Release|Any CPU.Build.0 = Release|Any CPU
		{94BBA736-C4C1-897A-7276-E3669CFC18B9}.Debug|Any CPU.ActiveCfg = Debug|Any CPU
		{94BBA736-C4C1-897A-7276-E3669CFC18B9}.Debug|Any CPU.Build.0 = Debug|Any CPU
		{94BBA736-C4C1-897A-7276-E3669CFC18B9}.Release|Any CPU.ActiveCfg = Release|Any CPU
		{94BBA736-C4C1-897A-7276-E3669CFC18B9}.Release|Any CPU.Build.0 = Release|Any CPU
	EndGlobalSection
	GlobalSection(SolutionProperties) = preSolution
		HideSolutionNode = FALSE
	EndGlobalSection
	GlobalSection(MonoDevelopProperties) = preSolution
		StartupItem = Assembly-CSharp.csproj
	EndGlobalSection
EndGlobal
